
Microsoft Visual Studio Solution File, Format Version 12.00
Project("{FAE04EC0-301F-11D3-BF4B-00C04F79EFBC}") = "TextAnalytics.Core", "TextAnalytics.Core\TextAnalytics.Core.csproj", "{D5CC19BB-2C1C-4ADF-A13E-A2BF80C2919E}"
EndProject
Project("{FAE04EC0-301F-11D3-BF4B-00C04F79EFBC}") = "TextAnalytics.Services", "TextAnalytics.Services\TextAnalytics.Services.csproj", "{313C4FE9-6AB3-4687-8F81-E16218DEC081}"
EndProject
Project("{FAE04EC0-301F-11D3-BF4B-00C04F79EFBC}") = "TextAnalytics.App", "TextAnalytics.App\TextAnalytics.App.csproj", "{0190E29E-4367-4493-95CB-B71A3C4AF6C9}"
EndProject
Project("{FAE04EC0-301F-11D3-BF4B-00C04F79EFBC}") = "TextAnalytics.Tests", "TextAnalytics.Tests\TextAnalytics.Tests.csproj", "{620E09FD-143B-4EBC-84DA-D4B2175DF8E2}"
EndProject
Global
	GlobalSection(SolutionConfigurationPlatforms) = preSolution
		Debug|Any CPU = Debug|Any CPU
		Release|Any CPU = Release|Any CPU
	EndGlobalSection
	GlobalSection(ProjectConfigurationPlatforms) = postSolution
		{D5CC19BB-2C1C-4ADF-A13E-A2BF80C2919E}.Debug|Any CPU.ActiveCfg = Debug|Any CPU
		{D5CC19BB-2C1C-4ADF-A13E-A2BF80C2919E}.Debug|Any CPU.Build.0 = Debug|Any CPU
		{D5CC19BB-2C1C-4ADF-A13E-A2BF80C2919E}.Release|Any CPU.ActiveCfg = Release|Any CPU
		{D5CC19BB-2C1C-4ADF-A13E-A2BF80C2919E}.Release|Any CPU.Build.0 = Release|Any CPU
		{313C4FE9-6AB3-4687-8F81-E16218DEC081}.Debug|Any CPU.ActiveCfg = Debug|Any CPU
		{313C4FE9-6AB3-4687-8F81-E16218DEC081}.Debug|Any CPU.Build.0 = Debug|Any CPU
		{313C4FE9-6AB3-4687-8F81-E16218DEC081}.Release|Any CPU.ActiveCfg = Release|Any CPU
		{313C4FE9-6AB3-4687-8F81-E16218DEC081}.Release|Any CPU.Build.0 = Release|Any CPU
		{0190E29E-4367-4493-95CB-B71A3C4AF6C9}.Debug|Any CPU.ActiveCfg = Debug|Any CPU
		{0190E29E-4367-4493-95CB-B71A3C4AF6C9}.Debug|Any CPU.Build.0 = Debug|Any CPU
		{0190E29E-4367-4493-95CB-B71A3C4AF6C9}.Release|Any CPU.ActiveCfg = Release|Any CPU
		{0190E29E-4367-4493-95CB-B71A3C4AF6C9}.Release|Any CPU.Build.0 = Release|Any CPU
		{620E09FD-143B-4EBC-84DA-D4B2175DF8E2}.Debug|Any CPU.ActiveCfg = Debug|Any CPU
		{620E09FD-143B-4EBC-84DA-D4B2175DF8E2}.Debug|Any CPU.Build.0 = Debug|Any CPU
		{620E09FD-143B-4EBC-84DA-D4B2175DF8E2}.Release|Any CPU.ActiveCfg = Release|Any CPU
		{620E09FD-143B-4EBC-84DA-D4B2175DF8E2}.Release|Any CPU.Build.0 = Release|Any CPU
	EndGlobalSection
EndGlobal
